// !$*UTF8*$!
{
	archiveVersion = 1;
	classes = {
	};
	objectVersion = 46;
	objects = {

/* Begin PBXFileReference section */
		C606392A1DBF086100663EDD /* Application.java */ = {isa = PBXFileReference; lastKnownFileType = sourcecode.java; path = Application.java; sourceTree = "<group>"; };
		C606392C1DBF086100663EDD /* application.properties */ = {isa = PBXFileReference; lastKnownFileType = text; path = application.properties; sourceTree = "<group>"; };
		C60639351DBF086D00663EDD /* build.gradle */ = {isa = PBXFileReference; lastKnownFileType = text; name = build.gradle; path = ../build.gradle; sourceTree = "<group>"; };
		C606393B1DBF087A00663EDD /* HoaApplicationTests.java */ = {isa = PBXFileReference; lastKnownFileType = sourcecode.java; path = HoaApplicationTests.java; sourceTree = "<group>"; };
		C606393C1DBF08AD00663EDD /* User.java */ = {isa = PBXFileReference; lastKnownFileType = sourcecode.java; path = User.java; sourceTree = "<group>"; };
		C606393D1DBF09A300663EDD /* UserRepository.java */ = {isa = PBXFileReference; lastKnownFileType = sourcecode.java; path = UserRepository.java; sourceTree = "<group>"; };
		C606393E1DBF556200663EDD /* UserController.java */ = {isa = PBXFileReference; lastKnownFileType = sourcecode.java; path = UserController.java; sourceTree = "<group>"; };
		C606393F1DC04B6300663EDD /* UserRestControllerTest.java */ = {isa = PBXFileReference; lastKnownFileType = sourcecode.java; path = UserRestControllerTest.java; sourceTree = "<group>"; };
		C60639401DC04FB600663EDD /* application.yml */ = {isa = PBXFileReference; lastKnownFileType = text; name = application.yml; path = ../application.yml; sourceTree = "<group>"; };
		C60639411DC0B95F00663EDD /* MainController.java */ = {isa = PBXFileReference; lastKnownFileType = sourcecode.java; path = MainController.java; sourceTree = "<group>"; };
		C60639421DC0B9D800663EDD /* index.html */ = {isa = PBXFileReference; lastKnownFileType = text.html; path = index.html; sourceTree = "<group>"; };
		C60639441DC0C27F00663EDD /* user.html */ = {isa = PBXFileReference; lastKnownFileType = text.html; path = user.html; sourceTree = "<group>"; };
		C6C623D41DC7E2390022CBF2 /* Schema.sql */ = {isa = PBXFileReference; lastKnownFileType = text; path = Schema.sql; sourceTree = "<group>"; usesTabs = 0; };
		C6C623D61DC819830022CBF2 /* bootstrap-theme.css */ = {isa = PBXFileReference; lastKnownFileType = text.css; path = "bootstrap-theme.css"; sourceTree = "<group>"; };
		C6C623D71DC819830022CBF2 /* bootstrap-theme.css.map */ = {isa = PBXFileReference; lastKnownFileType = "sourcecode.module-map"; path = "bootstrap-theme.css.map"; sourceTree = "<group>"; };
		C6C623D81DC819830022CBF2 /* bootstrap-theme.min.css */ = {isa = PBXFileReference; lastKnownFileType = text.css; path = "bootstrap-theme.min.css"; sourceTree = "<group>"; };
		C6C623D91DC819830022CBF2 /* bootstrap-theme.min.css.map */ = {isa = PBXFileReference; lastKnownFileType = "sourcecode.module-map"; path = "bootstrap-theme.min.css.map"; sourceTree = "<group>"; };
		C6C623DA1DC819830022CBF2 /* bootstrap.css */ = {isa = PBXFileReference; lastKnownFileType = text.css; path = bootstrap.css; sourceTree = "<group>"; };
		C6C623DB1DC819830022CBF2 /* bootstrap.css.map */ = {isa = PBXFileReference; lastKnownFileType = "sourcecode.module-map"; path = bootstrap.css.map; sourceTree = "<group>"; };
		C6C623DC1DC819830022CBF2 /* bootstrap.min.css */ = {isa = PBXFileReference; lastKnownFileType = text.css; path = bootstrap.min.css; sourceTree = "<group>"; };
		C6C623DD1DC819830022CBF2 /* bootstrap.min.css.map */ = {isa = PBXFileReference; lastKnownFileType = "sourcecode.module-map"; path = bootstrap.min.css.map; sourceTree = "<group>"; };
		C6C623DF1DC819830022CBF2 /* glyphicons-halflings-regular.eot */ = {isa = PBXFileReference; lastKnownFileType = file; path = "glyphicons-halflings-regular.eot"; sourceTree = "<group>"; };
		C6C623E01DC819830022CBF2 /* glyphicons-halflings-regular.svg */ = {isa = PBXFileReference; lastKnownFileType = text.xml; path = "glyphicons-halflings-regular.svg"; sourceTree = "<group>"; };
		C6C623E11DC819830022CBF2 /* glyphicons-halflings-regular.ttf */ = {isa = PBXFileReference; lastKnownFileType = file; path = "glyphicons-halflings-regular.ttf"; sourceTree = "<group>"; };
		C6C623E21DC819830022CBF2 /* glyphicons-halflings-regular.woff */ = {isa = PBXFileReference; lastKnownFileType = file; path = "glyphicons-halflings-regular.woff"; sourceTree = "<group>"; };
		C6C623E31DC819830022CBF2 /* glyphicons-halflings-regular.woff2 */ = {isa = PBXFileReference; lastKnownFileType = file; path = "glyphicons-halflings-regular.woff2"; sourceTree = "<group>"; };
		C6C623E51DC819830022CBF2 /* bootstrap.js */ = {isa = PBXFileReference; lastKnownFileType = sourcecode.javascript; path = bootstrap.js; sourceTree = "<group>"; };
		C6C623E61DC819830022CBF2 /* bootstrap.min.js */ = {isa = PBXFileReference; lastKnownFileType = sourcecode.javascript; path = bootstrap.min.js; sourceTree = "<group>"; };
		C6C623E71DC819830022CBF2 /* jquery-3.1.1.js */ = {isa = PBXFileReference; lastKnownFileType = sourcecode.javascript; path = "jquery-3.1.1.js"; sourceTree = "<group>"; };
		C6C623E81DC819830022CBF2 /* npm.js */ = {isa = PBXFileReference; lastKnownFileType = sourcecode.javascript; path = npm.js; sourceTree = "<group>"; };
		C6C623E91DC819910022CBF2 /* site.css */ = {isa = PBXFileReference; lastKnownFileType = text.css; path = site.css; sourceTree = "<group>"; };
		C6C623EB1DC81C820022CBF2 /* header.html */ = {isa = PBXFileReference; lastKnownFileType = text.html; path = header.html; sourceTree = "<group>"; };
/* End PBXFileReference section */

/* Begin PBXGroup section */
		C606391D1DBF084900663EDD = {
			isa = PBXGroup;
			children = (
				C60639351DBF086D00663EDD /* build.gradle */,
				C60639401DC04FB600663EDD /* application.yml */,
				C60639241DBF086100663EDD /* src */,
			);
			sourceTree = "<group>";
		};
		C60639241DBF086100663EDD /* src */ = {
			isa = PBXGroup;
			children = (
				C60639361DBF087A00663EDD /* test */,
				C60639251DBF086100663EDD /* main */,
			);
			name = src;
			path = ../src;
			sourceTree = "<group>";
		};
		C60639251DBF086100663EDD /* main */ = {
			isa = PBXGroup;
			children = (
				C6C623D31DC7E22C0022CBF2 /* sql */,
				C606392B1DBF086100663EDD /* resources */,
				C60639261DBF086100663EDD /* java */,
			);
			path = main;
			sourceTree = "<group>";
		};
		C60639261DBF086100663EDD /* java */ = {
			isa = PBXGroup;
			children = (
				C60639271DBF086100663EDD /* com */,
			);
			path = java;
			sourceTree = "<group>";
		};
		C60639271DBF086100663EDD /* com */ = {
			isa = PBXGroup;
			children = (
				C60639281DBF086100663EDD /* latencyzero */,
			);
			path = com;
			sourceTree = "<group>";
		};
		C60639281DBF086100663EDD /* latencyzero */ = {
			isa = PBXGroup;
			children = (
				C60639291DBF086100663EDD /* hoa */,
			);
			path = latencyzero;
			sourceTree = "<group>";
		};
		C60639291DBF086100663EDD /* hoa */ = {
			isa = PBXGroup;
			children = (
				C606392A1DBF086100663EDD /* Application.java */,
				C606393C1DBF08AD00663EDD /* User.java */,
				C606393D1DBF09A300663EDD /* UserRepository.java */,
				C606393E1DBF556200663EDD /* UserController.java */,
				C60639411DC0B95F00663EDD /* MainController.java */,
			);
			path = hoa;
			sourceTree = "<group>";
		};
		C606392B1DBF086100663EDD /* resources */ = {
			isa = PBXGroup;
			children = (
				C606392C1DBF086100663EDD /* application.properties */,
				C606392D1DBF086100663EDD /* static */,
				C606392E1DBF086100663EDD /* templates */,
			);
			path = resources;
			sourceTree = "<group>";
		};
		C606392D1DBF086100663EDD /* static */ = {
			isa = PBXGroup;
			children = (
				C6C623D51DC819830022CBF2 /* css */,
				C6C623DE1DC819830022CBF2 /* fonts */,
				C6C623E41DC819830022CBF2 /* js */,
			);
			path = static;
			sourceTree = "<group>";
		};
		C606392E1DBF086100663EDD /* templates */ = {
			isa = PBXGroup;
			children = (
				C60639421DC0B9D800663EDD /* index.html */,
				C6C623EA1DC81C760022CBF2 /* fragments */,
				C60639431DC0C27F00663EDD /* users */,
			);
			path = templates;
			sourceTree = "<group>";
		};
		C60639361DBF087A00663EDD /* test */ = {
			isa = PBXGroup;
			children = (
				C60639371DBF087A00663EDD /* java */,
			);
			path = test;
			sourceTree = "<group>";
		};
		C60639371DBF087A00663EDD /* java */ = {
			isa = PBXGroup;
			children = (
				C60639381DBF087A00663EDD /* com */,
			);
			path = java;
			sourceTree = "<group>";
		};
		C60639381DBF087A00663EDD /* com */ = {
			isa = PBXGroup;
			children = (
				C60639391DBF087A00663EDD /* latencyzero */,
			);
			path = com;
			sourceTree = "<group>";
		};
		C60639391DBF087A00663EDD /* latencyzero */ = {
			isa = PBXGroup;
			children = (
				C606393A1DBF087A00663EDD /* hoa */,
			);
			path = latencyzero;
			sourceTree = "<group>";
		};
		C606393A1DBF087A00663EDD /* hoa */ = {
			isa = PBXGroup;
			children = (
				C606393B1DBF087A00663EDD /* HoaApplicationTests.java */,
				C606393F1DC04B6300663EDD /* UserRestControllerTest.java */,
			);
			path = hoa;
			sourceTree = "<group>";
		};
		C60639431DC0C27F00663EDD /* users */ = {
			isa = PBXGroup;
			children = (
				C60639441DC0C27F00663EDD /* user.html */,
			);
			path = users;
			sourceTree = "<group>";
		};
		C6C623D31DC7E22C0022CBF2 /* sql */ = {
			isa = PBXGroup;
			children = (
				C6C623D41DC7E2390022CBF2 /* Schema.sql */,
			);
			path = sql;
			sourceTree = "<group>";
		};
		C6C623D51DC819830022CBF2 /* css */ = {
			isa = PBXGroup;
			children = (
				C6C623D61DC819830022CBF2 /* bootstrap-theme.css */,
				C6C623D71DC819830022CBF2 /* bootstrap-theme.css.map */,
				C6C623D81DC819830022CBF2 /* bootstrap-theme.min.css */,
				C6C623D91DC819830022CBF2 /* bootstrap-theme.min.css.map */,
				C6C623DA1DC819830022CBF2 /* bootstrap.css */,
				C6C623DB1DC819830022CBF2 /* bootstrap.css.map */,
				C6C623DC1DC819830022CBF2 /* bootstrap.min.css */,
				C6C623DD1DC819830022CBF2 /* bootstrap.min.css.map */,
				C6C623E91DC819910022CBF2 /* site.css */,
			);
			path = css;
			sourceTree = "<group>";
		};
		C6C623DE1DC819830022CBF2 /* fonts */ = {
			isa = PBXGroup;
			children = (
				C6C623DF1DC819830022CBF2 /* glyphicons-halflings-regular.eot */,
				C6C623E01DC819830022CBF2 /* glyphicons-halflings-regular.svg */,
				C6C623E11DC819830022CBF2 /* glyphicons-halflings-regular.ttf */,
				C6C623E21DC819830022CBF2 /* glyphicons-halflings-regular.woff */,
				C6C623E31DC819830022CBF2 /* glyphicons-halflings-regular.woff2 */,
			);
			path = fonts;
			sourceTree = "<group>";
		};
		C6C623E41DC819830022CBF2 /* js */ = {
			isa = PBXGroup;
			children = (
				C6C623E51DC819830022CBF2 /* bootstrap.js */,
				C6C623E61DC819830022CBF2 /* bootstrap.min.js */,
				C6C623E71DC819830022CBF2 /* jquery-3.1.1.js */,
				C6C623E81DC819830022CBF2 /* npm.js */,
			);
			path = js;
			sourceTree = "<group>";
		};
		C6C623EA1DC81C760022CBF2 /* fragments */ = {
			isa = PBXGroup;
			children = (
				C6C623EB1DC81C820022CBF2 /* header.html */,
			);
			path = fragments;
			sourceTree = "<group>";
		};
/* End PBXGroup section */

/* Begin PBXProject section */
		C606391E1DBF084900663EDD /* Project object */ = {
			isa = PBXProject;
			attributes = {
				LastUpgradeCheck = 0810;
			};
			buildConfigurationList = C60639211DBF084900663EDD /* Build configuration list for PBXProject "HOA" */;
			compatibilityVersion = "Xcode 3.2";
			developmentRegion = English;
			hasScannedForEncodings = 0;
			knownRegions = (
				en,
			);
			mainGroup = C606391D1DBF084900663EDD;
			projectDirPath = "";
			projectRoot = "";
			targets = (
			);
		};
/* End PBXProject section */

/* Begin XCBuildConfiguration section */
		C60639221DBF084900663EDD /* Debug */ = {
			isa = XCBuildConfiguration;
			buildSettings = {
			};
			name = Debug;
		};
		C60639231DBF084900663EDD /* Release */ = {
			isa = XCBuildConfiguration;
			buildSettings = {
			};
			name = Release;
		};
/* End XCBuildConfiguration section */

/* Begin XCConfigurationList section */
		C60639211DBF084900663EDD /* Build configuration list for PBXProject "HOA" */ = {
			isa = XCConfigurationList;
			buildConfigurations = (
				C60639221DBF084900663EDD /* Debug */,
				C60639231DBF084900663EDD /* Release */,
			);
			defaultConfigurationIsVisible = 0;
			defaultConfigurationName = Release;
		};
/* End XCConfigurationList section */
	};
	rootObject = C606391E1DBF084900663EDD /* Project object */;
}
